// !$*UTF8*$!
{
	archiveVersion = 1;
	classes = {
	};
	objectVersion = 48;
	objects = {

/* Begin PBXBuildFile section */
		794D2242D4AD23A5FBD0BF0E /* libPods-SingDemoTests.a in Frameworks */ = {isa = PBXBuildFile; fileRef = 2F24CBFA1B77D94DE35E7F57 /* libPods-SingDemoTests.a */; };
		85F5B87F5A7CC80F420DDBB6 /* libPods-SingDemo.a in Frameworks */ = {isa = PBXBuildFile; fileRef = A55BE89604870F3097876C50 /* libPods-SingDemo.a */; };
		A87B6439E9409934F7F32309 /* libPods-SingDemoUITests.a in Frameworks */ = {isa = PBXBuildFile; fileRef = 27F6A3DAFD53D232D9F8D467 /* libPods-SingDemoUITests.a */; };
		AA5984A21F7F309C005B941A /* AppDelegate.m in Sources */ = {isa = PBXBuildFile; fileRef = AA5984A11F7F309C005B941A /* AppDelegate.m */; };
		AA5984A51F7F309C005B941A /* ViewController.m in Sources */ = {isa = PBXBuildFile; fileRef = AA5984A41F7F309C005B941A /* ViewController.m */; };
		AA5984A81F7F309C005B941A /* Main.storyboard in Resources */ = {isa = PBXBuildFile; fileRef = AA5984A61F7F309C005B941A /* Main.storyboard */; };
		AA5984AA1F7F309C005B941A /* Assets.xcassets in Resources */ = {isa = PBXBuildFile; fileRef = AA5984A91F7F309C005B941A /* Assets.xcassets */; };
		AA5984AD1F7F309C005B941A /* LaunchScreen.storyboard in Resources */ = {isa = PBXBuildFile; fileRef = AA5984AB1F7F309C005B941A /* LaunchScreen.storyboard */; };
		AA5984B01F7F309D005B941A /* main.m in Sources */ = {isa = PBXBuildFile; fileRef = AA5984AF1F7F309D005B941A /* main.m */; };
		AA5984BA1F7F309D005B941A /* SingDemoTests.m in Sources */ = {isa = PBXBuildFile; fileRef = AA5984B91F7F309D005B941A /* SingDemoTests.m */; };
		AA5984C51F7F309D005B941A /* SingDemoUITests.m in Sources */ = {isa = PBXBuildFile; fileRef = AA5984C41F7F309D005B941A /* SingDemoUITests.m */; };
		AA5984D41F7F350C005B941A /* KpengSingShowView.m in Sources */ = {isa = PBXBuildFile; fileRef = AA5984D31F7F350C005B941A /* KpengSingShowView.m */; };
		AA5984D71F7F739E005B941A /* KpengAudioPlayer.m in Sources */ = {isa = PBXBuildFile; fileRef = AA5984D61F7F739E005B941A /* KpengAudioPlayer.m */; };
/* End PBXBuildFile section */

/* Begin PBXContainerItemProxy section */
		AA5984B61F7F309D005B941A /* PBXContainerItemProxy */ = {
			isa = PBXContainerItemProxy;
			containerPortal = AA5984951F7F309C005B941A /* Project object */;
			proxyType = 1;
			remoteGlobalIDString = AA59849C1F7F309C005B941A;
			remoteInfo = SingDemo;
		};
		AA5984C11F7F309D005B941A /* PBXContainerItemProxy */ = {
			isa = PBXContainerItemProxy;
			containerPortal = AA5984951F7F309C005B941A /* Project object */;
			proxyType = 1;
			remoteGlobalIDString = AA59849C1F7F309C005B941A;
			remoteInfo = SingDemo;
		};
/* End PBXContainerItemProxy section */

/* Begin PBXFileReference section */
		02ADF9CD8077C378F12048E7 /* Pods-SingDemo.debug.xcconfig */ = {isa = PBXFileReference; includeInIndex = 1; lastKnownFileType = text.xcconfig; name = "Pods-SingDemo.debug.xcconfig"; path = "Pods/Target Support Files/Pods-SingDemo/Pods-SingDemo.debug.xcconfig"; sourceTree = "<group>"; };
		2390C6334123AC171D4312B0 /* Pods-SingDemoUITests.release.xcconfig */ = {isa = PBXFileReference; includeInIndex = 1; lastKnownFileType = text.xcconfig; name = "Pods-SingDemoUITests.release.xcconfig"; path = "Pods/Target Support Files/Pods-SingDemoUITests/Pods-SingDemoUITests.release.xcconfig"; sourceTree = "<group>"; };
		27F6A3DAFD53D232D9F8D467 /* libPods-SingDemoUITests.a */ = {isa = PBXFileReference; explicitFileType = archive.ar; includeInIndex = 0; path = "libPods-SingDemoUITests.a"; sourceTree = BUILT_PRODUCTS_DIR; };
		2F24CBFA1B77D94DE35E7F57 /* libPods-SingDemoTests.a */ = {isa = PBXFileReference; explicitFileType = archive.ar; includeInIndex = 0; path = "libPods-SingDemoTests.a"; sourceTree = BUILT_PRODUCTS_DIR; };
		2F457D767597005F81D86C82 /* Pods-SingDemoUITests.debug.xcconfig */ = {isa = PBXFileReference; includeInIndex = 1; lastKnownFileType = text.xcconfig; name = "Pods-SingDemoUITests.debug.xcconfig"; path = "Pods/Target Support Files/Pods-SingDemoUITests/Pods-SingDemoUITests.debug.xcconfig"; sourceTree = "<group>"; };
		411077D78225541652D8C5A7 /* Pods-SingDemoTests.debug.xcconfig */ = {isa = PBXFileReference; includeInIndex = 1; lastKnownFileType = text.xcconfig; name = "Pods-SingDemoTests.debug.xcconfig"; path = "Pods/Target Support Files/Pods-SingDemoTests/Pods-SingDemoTests.debug.xcconfig"; sourceTree = "<group>"; };
		69BBF4317330F67F15E5D809 /* Pods-SingDemoTests.release.xcconfig */ = {isa = PBXFileReference; includeInIndex = 1; lastKnownFileType = text.xcconfig; name = "Pods-SingDemoTests.release.xcconfig"; path = "Pods/Target Support Files/Pods-SingDemoTests/Pods-SingDemoTests.release.xcconfig"; sourceTree = "<group>"; };
		7D3508DEF0946736B0EAD5CB /* Pods-SingDemo.release.xcconfig */ = {isa = PBXFileReference; includeInIndex = 1; lastKnownFileType = text.xcconfig; name = "Pods-SingDemo.release.xcconfig"; path = "Pods/Target Support Files/Pods-SingDemo/Pods-SingDemo.release.xcconfig"; sourceTree = "<group>"; };
		A55BE89604870F3097876C50 /* libPods-SingDemo.a */ = {isa = PBXFileReference; explicitFileType = archive.ar; includeInIndex = 0; path = "libPods-SingDemo.a"; sourceTree = BUILT_PRODUCTS_DIR; };
		AA59849D1F7F309C005B941A /* SingDemo.app */ = {isa = PBXFileReference; explicitFileType = wrapper.application; includeInIndex = 0; path = SingDemo.app; sourceTree = BUILT_PRODUCTS_DIR; };
		AA5984A01F7F309C005B941A /* AppDelegate.h */ = {isa = PBXFileReference; lastKnownFileType = sourcecode.c.h; path = AppDelegate.h; sourceTree = "<group>"; };
		AA5984A11F7F309C005B941A /* AppDelegate.m */ = {isa = PBXFileReference; lastKnownFileType = sourcecode.c.objc; path = AppDelegate.m; sourceTree = "<group>"; };
		AA5984A31F7F309C005B941A /* ViewController.h */ = {isa = PBXFileReference; lastKnownFileType = sourcecode.c.h; path = ViewController.h; sourceTree = "<group>"; };
		AA5984A41F7F309C005B941A /* ViewController.m */ = {isa = PBXFileReference; lastKnownFileType = sourcecode.c.objc; path = ViewController.m; sourceTree = "<group>"; };
		AA5984A71F7F309C005B941A /* Base */ = {isa = PBXFileReference; lastKnownFileType = file.storyboard; name = Base; path = Base.lproj/Main.storyboard; sourceTree = "<group>"; };
		AA5984A91F7F309C005B941A /* Assets.xcassets */ = {isa = PBXFileReference; lastKnownFileType = folder.assetcatalog; path = Assets.xcassets; sourceTree = "<group>"; };
		AA5984AC1F7F309C005B941A /* Base */ = {isa = PBXFileReference; lastKnownFileType = file.storyboard; name = Base; path = Base.lproj/LaunchScreen.storyboard; sourceTree = "<group>"; };
		AA5984AE1F7F309C005B941A /* Info.plist */ = {isa = PBXFileReference; lastKnownFileType = text.plist.xml; path = Info.plist; sourceTree = "<group>"; };
		AA5984AF1F7F309D005B941A /* main.m */ = {isa = PBXFileReference; lastKnownFileType = sourcecode.c.objc; path = main.m; sourceTree = "<group>"; };
		AA5984B51F7F309D005B941A /* SingDemoTests.xctest */ = {isa = PBXFileReference; explicitFileType = wrapper.cfbundle; includeInIndex = 0; path = SingDemoTests.xctest; sourceTree = BUILT_PRODUCTS_DIR; };
		AA5984B91F7F309D005B941A /* SingDemoTests.m */ = {isa = PBXFileReference; lastKnownFileType = sourcecode.c.objc; path = SingDemoTests.m; sourceTree = "<group>"; };
		AA5984BB1F7F309D005B941A /* Info.plist */ = {isa = PBXFileReference; lastKnownFileType = text.plist.xml; path = Info.plist; sourceTree = "<group>"; };
		AA5984C01F7F309D005B941A /* SingDemoUITests.xctest */ = {isa = PBXFileReference; explicitFileType = wrapper.cfbundle; includeInIndex = 0; path = SingDemoUITests.xctest; sourceTree = BUILT_PRODUCTS_DIR; };
		AA5984C41F7F309D005B941A /* SingDemoUITests.m */ = {isa = PBXFileReference; lastKnownFileType = sourcecode.c.objc; path = SingDemoUITests.m; sourceTree = "<group>"; };
		AA5984C61F7F309D005B941A /* Info.plist */ = {isa = PBXFileReference; lastKnownFileType = text.plist.xml; path = Info.plist; sourceTree = "<group>"; };
		AA5984D21F7F350C005B941A /* KpengSingShowView.h */ = {isa = PBXFileReference; lastKnownFileType = sourcecode.c.h; path = KpengSingShowView.h; sourceTree = "<group>"; };
		AA5984D31F7F350C005B941A /* KpengSingShowView.m */ = {isa = PBXFileReference; lastKnownFileType = sourcecode.c.objc; path = KpengSingShowView.m; sourceTree = "<group>"; };
		AA5984D51F7F739E005B941A /* KpengAudioPlayer.h */ = {isa = PBXFileReference; lastKnownFileType = sourcecode.c.h; path = KpengAudioPlayer.h; sourceTree = "<group>"; };
		AA5984D61F7F739E005B941A /* KpengAudioPlayer.m */ = {isa = PBXFileReference; lastKnownFileType = sourcecode.c.objc; path = KpengAudioPlayer.m; sourceTree = "<group>"; };
/* End PBXFileReference section */

/* Begin PBXFrameworksBuildPhase section */
		AA59849A1F7F309C005B941A /* Frameworks */ = {
			isa = PBXFrameworksBuildPhase;
			buildActionMask = 2147483647;
			files = (
				85F5B87F5A7CC80F420DDBB6 /* libPods-SingDemo.a in Frameworks */,
			);
			runOnlyForDeploymentPostprocessing = 0;
		};
		AA5984B21F7F309D005B941A /* Frameworks */ = {
			isa = PBXFrameworksBuildPhase;
			buildActionMask = 2147483647;
			files = (
				794D2242D4AD23A5FBD0BF0E /* libPods-SingDemoTests.a in Frameworks */,
			);
			runOnlyForDeploymentPostprocessing = 0;
		};
		AA5984BD1F7F309D005B941A /* Frameworks */ = {
			isa = PBXFrameworksBuildPhase;
			buildActionMask = 2147483647;
			files = (
				A87B6439E9409934F7F32309 /* libPods-SingDemoUITests.a in Frameworks */,
			);
			runOnlyForDeploymentPostprocessing = 0;
		};
/* End PBXFrameworksBuildPhase section */

/* Begin PBXGroup section */
		AA5984941F7F309C005B941A = {
			isa = PBXGroup;
			children = (
				AA59849F1F7F309C005B941A /* SingDemo */,
				AA5984B81F7F309D005B941A /* SingDemoTests */,
				AA5984C31F7F309D005B941A /* SingDemoUITests */,
				AA59849E1F7F309C005B941A /* Products */,
				FBEE40F1E7273804B83A9C38 /* Pods */,
				B040A5D9E0A4F9F5C41D346C /* Frameworks */,
			);
			sourceTree = "<group>";
		};
		AA59849E1F7F309C005B941A /* Products */ = {
			isa = PBXGroup;
			children = (
				AA59849D1F7F309C005B941A /* SingDemo.app */,
				AA5984B51F7F309D005B941A /* SingDemoTests.xctest */,
				AA5984C01F7F309D005B941A /* SingDemoUITests.xctest */,
			);
			name = Products;
			sourceTree = "<group>";
		};
		AA59849F1F7F309C005B941A /* SingDemo */ = {
			isa = PBXGroup;
			children = (
				AA5984A01F7F309C005B941A /* AppDelegate.h */,
				AA5984A11F7F309C005B941A /* AppDelegate.m */,
				AA5984A31F7F309C005B941A /* ViewController.h */,
				AA5984A41F7F309C005B941A /* ViewController.m */,
				AA5984D21F7F350C005B941A /* KpengSingShowView.h */,
				AA5984D31F7F350C005B941A /* KpengSingShowView.m */,
				AA5984D51F7F739E005B941A /* KpengAudioPlayer.h */,
				AA5984D61F7F739E005B941A /* KpengAudioPlayer.m */,
				AA5984A61F7F309C005B941A /* Main.storyboard */,
				AA5984A91F7F309C005B941A /* Assets.xcassets */,
				AA5984AB1F7F309C005B941A /* LaunchScreen.storyboard */,
				AA5984AE1F7F309C005B941A /* Info.plist */,
				AA5984AF1F7F309D005B941A /* main.m */,
			);
			path = SingDemo;
			sourceTree = "<group>";
		};
		AA5984B81F7F309D005B941A /* SingDemoTests */ = {
			isa = PBXGroup;
			children = (
				AA5984B91F7F309D005B941A /* SingDemoTests.m */,
				AA5984BB1F7F309D005B941A /* Info.plist */,
			);
			path = SingDemoTests;
			sourceTree = "<group>";
		};
		AA5984C31F7F309D005B941A /* SingDemoUITests */ = {
			isa = PBXGroup;
			children = (
				AA5984C41F7F309D005B941A /* SingDemoUITests.m */,
				AA5984C61F7F309D005B941A /* Info.plist */,
			);
			path = SingDemoUITests;
			sourceTree = "<group>";
		};
		B040A5D9E0A4F9F5C41D346C /* Frameworks */ = {
			isa = PBXGroup;
			children = (
				A55BE89604870F3097876C50 /* libPods-SingDemo.a */,
				2F24CBFA1B77D94DE35E7F57 /* libPods-SingDemoTests.a */,
				27F6A3DAFD53D232D9F8D467 /* libPods-SingDemoUITests.a */,
			);
			name = Frameworks;
			sourceTree = "<group>";
		};
		FBEE40F1E7273804B83A9C38 /* Pods */ = {
			isa = PBXGroup;
			children = (
				02ADF9CD8077C378F12048E7 /* Pods-SingDemo.debug.xcconfig */,
				7D3508DEF0946736B0EAD5CB /* Pods-SingDemo.release.xcconfig */,
				411077D78225541652D8C5A7 /* Pods-SingDemoTests.debug.xcconfig */,
				69BBF4317330F67F15E5D809 /* Pods-SingDemoTests.release.xcconfig */,
				2F457D767597005F81D86C82 /* Pods-SingDemoUITests.debug.xcconfig */,
				2390C6334123AC171D4312B0 /* Pods-SingDemoUITests.release.xcconfig */,
			);
			name = Pods;
			sourceTree = "<group>";
		};
/* End PBXGroup section */

/* Begin PBXNativeTarget section */
		AA59849C1F7F309C005B941A /* SingDemo */ = {
			isa = PBXNativeTarget;
			buildConfigurationList = AA5984C91F7F309D005B941A /* Build configuration list for PBXNativeTarget "SingDemo" */;
			buildPhases = (
				897E5A29AB5D013EAA9A43BA /* [CP] Check Pods Manifest.lock */,
				AA5984991F7F309C005B941A /* Sources */,
				AA59849A1F7F309C005B941A /* Frameworks */,
				AA59849B1F7F309C005B941A /* Resources */,
				2763E0659BD509F360A0941D /* [CP] Embed Pods Frameworks */,
				074D9D26AD80FAFDFDA7FE7C /* [CP] Copy Pods Resources */,
			);
			buildRules = (
			);
			dependencies = (
			);
			name = SingDemo;
			productName = SingDemo;
			productReference = AA59849D1F7F309C005B941A /* SingDemo.app */;
			productType = "com.apple.product-type.application";
		};
		AA5984B41F7F309D005B941A /* SingDemoTests */ = {
			isa = PBXNativeTarget;
			buildConfigurationList = AA5984CC1F7F309D005B941A /* Build configuration list for PBXNativeTarget "SingDemoTests" */;
			buildPhases = (
				F267AF72E5383C2D3ED6DFF8 /* [CP] Check Pods Manifest.lock */,
				AA5984B11F7F309D005B941A /* Sources */,
				AA5984B21F7F309D005B941A /* Frameworks */,
				AA5984B31F7F309D005B941A /* Resources */,
				FCE506A6F16C4EA6842147E2 /* [CP] Embed Pods Frameworks */,
				988CF310CAC0E50DD333633C /* [CP] Copy Pods Resources */,
			);
			buildRules = (
			);
			dependencies = (
				AA5984B71F7F309D005B941A /* PBXTargetDependency */,
			);
			name = SingDemoTests;
			productName = SingDemoTests;
			productReference = AA5984B51F7F309D005B941A /* SingDemoTests.xctest */;
			productType = "com.apple.product-type.bundle.unit-test";
		};
		AA5984BF1F7F309D005B941A /* SingDemoUITests */ = {
			isa = PBXNativeTarget;
			buildConfigurationList = AA5984CF1F7F309D005B941A /* Build configuration list for PBXNativeTarget "SingDemoUITests" */;
			buildPhases = (
				B7DA74E19B2167BF3E3216FE /* [CP] Check Pods Manifest.lock */,
				AA5984BC1F7F309D005B941A /* Sources */,
				AA5984BD1F7F309D005B941A /* Frameworks */,
				AA5984BE1F7F309D005B941A /* Resources */,
				559735E82417AAD18DEC1988 /* [CP] Embed Pods Frameworks */,
				A9AD3056622F44688A626896 /* [CP] Copy Pods Resources */,
			);
			buildRules = (
			);
			dependencies = (
				AA5984C21F7F309D005B941A /* PBXTargetDependency */,
			);
			name = SingDemoUITests;
			productName = SingDemoUITests;
			productReference = AA5984C01F7F309D005B941A /* SingDemoUITests.xctest */;
			productType = "com.apple.product-type.bundle.ui-testing";
		};
/* End PBXNativeTarget section */

/* Begin PBXProject section */
		AA5984951F7F309C005B941A /* Project object */ = {
			isa = PBXProject;
			attributes = {
				LastUpgradeCheck = 0910;
				ORGANIZATIONNAME = "王朋";
				TargetAttributes = {
					AA59849C1F7F309C005B941A = {
						CreatedOnToolsVersion = 9.1;
						ProvisioningStyle = Automatic;
					};
					AA5984B41F7F309D005B941A = {
						CreatedOnToolsVersion = 9.1;
						ProvisioningStyle = Automatic;
						TestTargetID = AA59849C1F7F309C005B941A;
					};
					AA5984BF1F7F309D005B941A = {
						CreatedOnToolsVersion = 9.1;
						ProvisioningStyle = Automatic;
						TestTargetID = AA59849C1F7F309C005B941A;
					};
				};
			};
			buildConfigurationList = AA5984981F7F309C005B941A /* Build configuration list for PBXProject "SingDemo" */;
			compatibilityVersion = "Xcode 8.0";
			developmentRegion = en;
			hasScannedForEncodings = 0;
			knownRegions = (
				en,
				Base,
			);
			mainGroup = AA5984941F7F309C005B941A;
			productRefGroup = AA59849E1F7F309C005B941A /* Products */;
			projectDirPath = "";
			projectRoot = "";
			targets = (
				AA59849C1F7F309C005B941A /* SingDemo */,
				AA5984B41F7F309D005B941A /* SingDemoTests */,
				AA5984BF1F7F309D005B941A /* SingDemoUITests */,
			);
		};
/* End PBXProject section */

/* Begin PBXResourcesBuildPhase section */
		AA59849B1F7F309C005B941A /* Resources */ = {
			isa = PBXResourcesBuildPhase;
			buildActionMask = 2147483647;
			files = (
				AA5984AD1F7F309C005B941A /* LaunchScreen.storyboard in Resources */,
				AA5984AA1F7F309C005B941A /* Assets.xcassets in Resources */,
				AA5984A81F7F309C005B941A /* Main.storyboard in Resources */,
			);
			runOnlyForDeploymentPostprocessing = 0;
		};
		AA5984B31F7F309D005B941A /* Resources */ = {
			isa = PBXResourcesBuildPhase;
			buildActionMask = 2147483647;
			files = (
			);
			runOnlyForDeploymentPostprocessing = 0;
		};
		AA5984BE1F7F309D005B941A /* Resources */ = {
			isa = PBXResourcesBuildPhase;
			buildActionMask = 2147483647;
			files = (
			);
			runOnlyForDeploymentPostprocessing = 0;
		};
/* End PBXResourcesBuildPhase section */

/* Begin PBXShellScriptBuildPhase section */
		074D9D26AD80FAFDFDA7FE7C /* [CP] Copy Pods Resources */ = {
			isa = PBXShellScriptBuildPhase;
			buildActionMask = 2147483647;
			files = (
			);
			inputPaths = (
			);
			name = "[CP] Copy Pods Resources";
			outputPaths = (
			);
			runOnlyForDeploymentPostprocessing = 0;
			shellPath = /bin/sh;
			shellScript = "\"${SRCROOT}/Pods/Target Support Files/Pods-SingDemo/Pods-SingDemo-resources.sh\"\n";
			showEnvVarsInLog = 0;
		};
		2763E0659BD509F360A0941D /* [CP] Embed Pods Frameworks */ = {
			isa = PBXShellScriptBuildPhase;
			buildActionMask = 2147483647;
			files = (
			);
			inputPaths = (
			);
			name = "[CP] Embed Pods Frameworks";
			outputPaths = (
			);
			runOnlyForDeploymentPostprocessing = 0;
			shellPath = /bin/sh;
			shellScript = "\"${SRCROOT}/Pods/Target Support Files/Pods-SingDemo/Pods-SingDemo-frameworks.sh\"\n";
			showEnvVarsInLog = 0;
		};
		559735E82417AAD18DEC1988 /* [CP] Embed Pods Frameworks */ = {
			isa = PBXShellScriptBuildPhase;
			buildActionMask = 2147483647;
			files = (
			);
			inputPaths = (
			);
			name = "[CP] Embed Pods Frameworks";
			outputPaths = (
			);
			runOnlyForDeploymentPostprocessing = 0;
			shellPath = /bin/sh;
			shellScript = "\"${SRCROOT}/Pods/Target Support Files/Pods-SingDemoUITests/Pods-SingDemoUITests-frameworks.sh\"\n";
			showEnvVarsInLog = 0;
		};
		897E5A29AB5D013EAA9A43BA /* [CP] Check Pods Manifest.lock */ = {
			isa = PBXShellScriptBuildPhase;
			buildActionMask = 2147483647;
			files = (
			);
			inputPaths = (
				"${PODS_PODFILE_DIR_PATH}/Podfile.lock",
				"${PODS_ROOT}/Manifest.lock",
			);
			name = "[CP] Check Pods Manifest.lock";
			outputPaths = (
				"$(DERIVED_FILE_DIR)/Pods-SingDemo-checkManifestLockResult.txt",
			);
			runOnlyForDeploymentPostprocessing = 0;
			shellPath = /bin/sh;
			shellScript = "diff \"${PODS_PODFILE_DIR_PATH}/Podfile.lock\" \"${PODS_ROOT}/Manifest.lock\" > /dev/null\nif [ $? != 0 ] ; then\n    # print error to STDERR\n    echo \"error: The sandbox is not in sync with the Podfile.lock. Run 'pod install' or update your CocoaPods installation.\" >&2\n    exit 1\nfi\n# This output is used by Xcode 'outputs' to avoid re-running this script phase.\necho \"SUCCESS\" > \"${SCRIPT_OUTPUT_FILE_0}\"\n";
			showEnvVarsInLog = 0;
		};
		988CF310CAC0E50DD333633C /* [CP] Copy Pods Resources */ = {
			isa = PBXShellScriptBuildPhase;
			buildActionMask = 2147483647;
			files = (
			);
			inputPaths = (
			);
			name = "[CP] Copy Pods Resources";
			outputPaths = (
			);
			runOnlyForDeploymentPostprocessing = 0;
			shellPath = /bin/sh;
			shellScript = "\"${SRCROOT}/Pods/Target Support Files/Pods-SingDemoTests/Pods-SingDemoTests-resources.sh\"\n";
			showEnvVarsInLog = 0;
		};
		A9AD3056622F44688A626896 /* [CP] Copy Pods Resources */ = {
			isa = PBXShellScriptBuildPhase;
			buildActionMask = 2147483647;
			files = (
			);
			inputPaths = (
			);
			name = "[CP] Copy Pods Resources";
			outputPaths = (
			);
			runOnlyForDeploymentPostprocessing = 0;
			shellPath = /bin/sh;
			shellScript = "\"${SRCROOT}/Pods/Target Support Files/Pods-SingDemoUITests/Pods-SingDemoUITests-resources.sh\"\n";
			showEnvVarsInLog = 0;
		};
		B7DA74E19B2167BF3E3216FE /* [CP] Check Pods Manifest.lock */ = {
			isa = PBXShellScriptBuildPhase;
			buildActionMask = 2147483647;
			files = (
			);
			inputPaths = (
				"${PODS_PODFILE_DIR_PATH}/Podfile.lock",
				"${PODS_ROOT}/Manifest.lock",
			);
			name = "[CP] Check Pods Manifest.lock";
			outputPaths = (
				"$(DERIVED_FILE_DIR)/Pods-SingDemoUITests-checkManifestLockResult.txt",
			);
			runOnlyForDeploymentPostprocessing = 0;
			shellPath = /bin/sh;
			shellScript = "diff \"${PODS_PODFILE_DIR_PATH}/Podfile.lock\" \"${PODS_ROOT}/Manifest.lock\" > /dev/null\nif [ $? != 0 ] ; then\n    # print error to STDERR\n    echo \"error: The sandbox is not in sync with the Podfile.lock. Run 'pod install' or update your CocoaPods installation.\" >&2\n    exit 1\nfi\n# This output is used by Xcode 'outputs' to avoid re-running this script phase.\necho \"SUCCESS\" > \"${SCRIPT_OUTPUT_FILE_0}\"\n";
			showEnvVarsInLog = 0;
		};
		F267AF72E5383C2D3ED6DFF8 /* [CP] Check Pods Manifest.lock */ = {
			isa = PBXShellScriptBuildPhase;
			buildActionMask = 2147483647;
			files = (
			);
			inputPaths = (
				"${PODS_PODFILE_DIR_PATH}/Podfile.lock",
				"${PODS_ROOT}/Manifest.lock",
			);
			name = "[CP] Check Pods Manifest.lock";
			outputPaths = (
				"$(DERIVED_FILE_DIR)/Pods-SingDemoTests-checkManifestLockResult.txt",
			);
			runOnlyForDeploymentPostprocessing = 0;
			shellPath = /bin/sh;
			shellScript = "diff \"${PODS_PODFILE_DIR_PATH}/Podfile.lock\" \"${PODS_ROOT}/Manifest.lock\" > /dev/null\nif [ $? != 0 ] ; then\n    # print error to STDERR\n    echo \"error: The sandbox is not in sync with the Podfile.lock. Run 'pod install' or update your CocoaPods installation.\" >&2\n    exit 1\nfi\n# This output is used by Xcode 'outputs' to avoid re-running this script phase.\necho \"SUCCESS\" > \"${SCRIPT_OUTPUT_FILE_0}\"\n";
			showEnvVarsInLog = 0;
		};
		FCE506A6F16C4EA6842147E2 /* [CP] Embed Pods Frameworks */ = {
			isa = PBXShellScriptBuildPhase;
			buildActionMask = 2147483647;
			files = (
			);
			inputPaths = (
			);
			name = "[CP] Embed Pods Frameworks";
			outputPaths = (
			);
			runOnlyForDeploymentPostprocessing = 0;
			shellPath = /bin/sh;
			shellScript = "\"${SRCROOT}/Pods/Target Support Files/Pods-SingDemoTests/Pods-SingDemoTests-frameworks.sh\"\n";
			showEnvVarsInLog = 0;
		};
/* End PBXShellScriptBuildPhase section */

/* Begin PBXSourcesBuildPhase section */
		AA5984991F7F309C005B941A /* Sources */ = {
			isa = PBXSourcesBuildPhase;
			buildActionMask = 2147483647;
			files = (
				AA5984D41F7F350C005B941A /* KpengSingShowView.m in Sources */,
				AA5984A51F7F309C005B941A /* ViewController.m in Sources */,
				AA5984B01F7F309D005B941A /* main.m in Sources */,
				AA5984D71F7F739E005B941A /* KpengAudioPlayer.m in Sources */,
				AA5984A21F7F309C005B941A /* AppDelegate.m in Sources */,
			);
			runOnlyForDeploymentPostprocessing = 0;
		};
		AA5984B11F7F309D005B941A /* Sources */ = {
			isa = PBXSourcesBuildPhase;
			buildActionMask = 2147483647;
			files = (
				AA5984BA1F7F309D005B941A /* SingDemoTests.m in Sources */,
			);
			runOnlyForDeploymentPostprocessing = 0;
		};
		AA5984BC1F7F309D005B941A /* Sources */ = {
			isa = PBXSourcesBuildPhase;
			buildActionMask = 2147483647;
			files = (
				AA5984C51F7F309D005B941A /* SingDemoUITests.m in Sources */,
			);
			runOnlyForDeploymentPostprocessing = 0;
		};
/* End PBXSourcesBuildPhase section */

/* Begin PBXTargetDependency section */
		AA5984B71F7F309D005B941A /* PBXTargetDependency */ = {
			isa = PBXTargetDependency;
			target = AA59849C1F7F309C005B941A /* SingDemo */;
			targetProxy = AA5984B61F7F309D005B941A /* PBXContainerItemProxy */;
		};
		AA5984C21F7F309D005B941A /* PBXTargetDependency */ = {
			isa = PBXTargetDependency;
			target = AA59849C1F7F309C005B941A /* SingDemo */;
			targetProxy = AA5984C11F7F309D005B941A /* PBXContainerItemProxy */;
		};
/* End PBXTargetDependency section */

/* Begin PBXVariantGroup section */
		AA5984A61F7F309C005B941A /* Main.storyboard */ = {
			isa = PBXVariantGroup;
			children = (
				AA5984A71F7F309C005B941A /* Base */,
			);
			name = Main.storyboard;
			sourceTree = "<group>";
		};
		AA5984AB1F7F309C005B941A /* LaunchScreen.storyboard */ = {
			isa = PBXVariantGroup;
			children = (
				AA5984AC1F7F309C005B941A /* Base */,
			);
			name = LaunchScreen.storyboard;
			sourceTree = "<group>";
		};
/* End PBXVariantGroup section */

/* Begin XCBuildConfiguration section */
		AA5984C71F7F309D005B941A /* Debug */ = {
			isa = XCBuildConfiguration;
			buildSettings = {
				ALWAYS_SEARCH_USER_PATHS = NO;
				CLANG_ANALYZER_NONNULL = YES;
				CLANG_ANALYZER_NUMBER_OBJECT_CONVERSION = YES_AGGRESSIVE;
				CLANG_CXX_LANGUAGE_STANDARD = "gnu++14";
				CLANG_CXX_LIBRARY = "libc++";
				CLANG_ENABLE_MODULES = YES;
				CLANG_ENABLE_OBJC_ARC = YES;
				CLANG_WARN_BLOCK_CAPTURE_AUTORELEASING = YES;
				CLANG_WARN_BOOL_CONVERSION = YES;
				CLANG_WARN_COMMA = YES;
				CLANG_WARN_CONSTANT_CONVERSION = YES;
				CLANG_WARN_DIRECT_OBJC_ISA_USAGE = YES_ERROR;
				CLANG_WARN_DOCUMENTATION_COMMENTS = YES;
				CLANG_WARN_EMPTY_BODY = YES;
				CLANG_WARN_ENUM_CONVERSION = YES;
				CLANG_WARN_INFINITE_RECURSION = YES;
				CLANG_WARN_INT_CONVERSION = YES;
				CLANG_WARN_NON_LITERAL_NULL_CONVERSION = YES;
				CLANG_WARN_OBJC_LITERAL_CONVERSION = YES;
				CLANG_WARN_OBJC_ROOT_CLASS = YES_ERROR;
				CLANG_WARN_RANGE_LOOP_ANALYSIS = YES;
				CLANG_WARN_STRICT_PROTOTYPES = YES;
				CLANG_WARN_SUSPICIOUS_MOVE = YES;
				CLANG_WARN_UNGUARDED_AVAILABILITY = YES_AGGRESSIVE;
				CLANG_WARN_UNREACHABLE_CODE = YES;
				CLANG_WARN__DUPLICATE_METHOD_MATCH = YES;
				CODE_SIGN_IDENTITY = "iPhone Developer";
				COPY_PHASE_STRIP = NO;
				DEBUG_INFORMATION_FORMAT = dwarf;
				ENABLE_STRICT_OBJC_MSGSEND = YES;
				ENABLE_TESTABILITY = YES;
				GCC_C_LANGUAGE_STANDARD = gnu11;
				GCC_DYNAMIC_NO_PIC = NO;
				GCC_NO_COMMON_BLOCKS = YES;
				GCC_OPTIMIZATION_LEVEL = 0;
				GCC_PREPROCESSOR_DEFINITIONS = (
					"DEBUG=1",
					"$(inherited)",
				);
				GCC_WARN_64_TO_32_BIT_CONVERSION = YES;
				GCC_WARN_ABOUT_RETURN_TYPE = YES_ERROR;
				GCC_WARN_UNDECLARED_SELECTOR = YES;
				GCC_WARN_UNINITIALIZED_AUTOS = YES_AGGRESSIVE;
				GCC_WARN_UNUSED_FUNCTION = YES;
				GCC_WARN_UNUSED_VARIABLE = YES;
				IPHONEOS_DEPLOYMENT_TARGET = 11.1;
				MTL_ENABLE_DEBUG_INFO = YES;
				ONLY_ACTIVE_ARCH = YES;
				SDKROOT = iphoneos;
			};
			name = Debug;
		};
		AA5984C81F7F309D005B941A /* Release */ = {
			isa = XCBuildConfiguration;
			buildSettings = {
				ALWAYS_SEARCH_USER_PATHS = NO;
				CLANG_ANALYZER_NONNULL = YES;
				CLANG_ANALYZER_NUMBER_OBJECT_CONVERSION = YES_AGGRESSIVE;
				CLANG_CXX_LANGUAGE_STANDARD = "gnu++14";
				CLANG_CXX_LIBRARY = "libc++";
				CLANG_ENABLE_MODULES = YES;
				CLANG_ENABLE_OBJC_ARC = YES;
				CLANG_WARN_BLOCK_CAPTURE_AUTORELEASING = YES;
				CLANG_WARN_BOOL_CONVERSION = YES;
				CLANG_WARN_COMMA = YES;
				CLANG_WARN_CONSTANT_CONVERSION = YES;
				CLANG_WARN_DIRECT_OBJC_ISA_USAGE = YES_ERROR;
				CLANG_WARN_DOCUMENTATION_COMMENTS = YES;
				CLANG_WARN_EMPTY_BODY = YES;
				CLANG_WARN_ENUM_CONVERSION = YES;
				CLANG_WARN_INFINITE_RECURSION = YES;
				CLANG_WARN_INT_CONVERSION = YES;
				CLANG_WARN_NON_LITERAL_NULL_CONVERSION = YES;
				CLANG_WARN_OBJC_LITERAL_CONVERSION = YES;
				CLANG_WARN_OBJC_ROOT_CLASS = YES_ERROR;
				CLANG_WARN_RANGE_LOOP_ANALYSIS = YES;
				CLANG_WARN_STRICT_PROTOTYPES = YES;
				CLANG_WARN_SUSPICIOUS_MOVE = YES;
				CLANG_WARN_UNGUARDED_AVAILABILITY = YES_AGGRESSIVE;
				CLANG_WARN_UNREACHABLE_CODE = YES;
				CLANG_WARN__DUPLICATE_METHOD_MATCH = YES;
				CODE_SIGN_IDENTITY = "iPhone Developer";
				COPY_PHASE_STRIP = NO;
				DEBUG_INFORMATION_FORMAT = "dwarf-with-dsym";
				ENABLE_NS_ASSERTIONS = NO;
				ENABLE_STRICT_OBJC_MSGSEND = YES;
				GCC_C_LANGUAGE_STANDARD = gnu11;
				GCC_NO_COMMON_BLOCKS = YES;
				GCC_WARN_64_TO_32_BIT_CONVERSION = YES;
				GCC_WARN_ABOUT_RETURN_TYPE = YES_ERROR;
				GCC_WARN_UNDECLARED_SELECTOR = YES;
				GCC_WARN_UNINITIALIZED_AUTOS = YES_AGGRESSIVE;
				GCC_WARN_UNUSED_FUNCTION = YES;
				GCC_WARN_UNUSED_VARIABLE = YES;
				IPHONEOS_DEPLOYMENT_TARGET = 11.1;
				MTL_ENABLE_DEBUG_INFO = NO;
				SDKROOT = iphoneos;
				VALIDATE_PRODUCT = YES;
			};
			name = Release;
		};
		AA5984CA1F7F309D005B941A /* Debug */ = {
			isa = XCBuildConfiguration;
			baseConfigurationReference = 02ADF9CD8077C378F12048E7 /* Pods-SingDemo.debug.xcconfig */;
			buildSettings = {
				ASSETCATALOG_COMPILER_APPICON_NAME = AppIcon;
				CODE_SIGN_STYLE = Automatic;
				INFOPLIST_FILE = SingDemo/Info.plist;
				LD_RUNPATH_SEARCH_PATHS = "$(inherited) @executable_path/Frameworks";
				PRODUCT_BUNDLE_IDENTIFIER = com.Kpeng.com.SingDemo;
				PRODUCT_NAME = "$(TARGET_NAME)";
				TARGETED_DEVICE_FAMILY = "1,2";
			};
			name = Debug;
		};
		AA5984CB1F7F309D005B941A /* Release */ = {
			isa = XCBuildConfiguration;
			baseConfigurationReference = 7D3508DEF0946736B0EAD5CB /* Pods-SingDemo.release.xcconfig */;
			buildSettings = {
				ASSETCATALOG_COMPILER_APPICON_NAME = AppIcon;
				CODE_SIGN_STYLE = Automatic;
				INFOPLIST_FILE = SingDemo/Info.plist;
				LD_RUNPATH_SEARCH_PATHS = "$(inherited) @executable_path/Frameworks";
				PRODUCT_BUNDLE_IDENTIFIER = com.Kpeng.com.SingDemo;
				PRODUCT_NAME = "$(TARGET_NAME)";
				TARGETED_DEVICE_FAMILY = "1,2";
			};
			name = Release;
		};
		AA5984CD1F7F309D005B941A /* Debug */ = {
			isa = XCBuildConfiguration;
			baseConfigurationReference = 411077D78225541652D8C5A7 /* Pods-SingDemoTests.debug.xcconfig */;
			buildSettings = {
				BUNDLE_LOADER = "$(TEST_HOST)";
				CODE_SIGN_STYLE = Automatic;
				INFOPLIST_FILE = SingDemoTests/Info.plist;
				LD_RUNPATH_SEARCH_PATHS = "$(inherited) @executable_path/Frameworks @loader_path/Frameworks";
				PRODUCT_BUNDLE_IDENTIFIER = com.Kpeng.com.SingDemoTests;
				PRODUCT_NAME = "$(TARGET_NAME)";
				TARGETED_DEVICE_FAMILY = "1,2";
				TEST_HOST = "$(BUILT_PRODUCTS_DIR)/SingDemo.app/SingDemo";
			};
			name = Debug;
		};
		AA5984CE1F7F309D005B941A /* Release */ = {
			isa = XCBuildConfiguration;
			baseConfigurationReference = 69BBF4317330F67F15E5D809 /* Pods-SingDemoTests.release.xcconfig */;
			buildSettings = {
				BUNDLE_LOADER = "$(TEST_HOST)";
				CODE_SIGN_STYLE = Automatic;
				INFOPLIST_FILE = SingDemoTests/Info.plist;
				LD_RUNPATH_SEARCH_PATHS = "$(inherited) @executable_path/Frameworks @loader_path/Frameworks";
				PRODUCT_BUNDLE_IDENTIFIER = com.Kpeng.com.SingDemoTests;
				PRODUCT_NAME = "$(TARGET_NAME)";
				TARGETED_DEVICE_FAMILY = "1,2";
				TEST_HOST = "$(BUILT_PRODUCTS_DIR)/SingDemo.app/SingDemo";
			};
			name = Release;
		};
		AA5984D01F7F309D005B941A /* Debug */ = {
			isa = XCBuildConfiguration;
			baseConfigurationReference = 2F457D767597005F81D86C82 /* Pods-SingDemoUITests.debug.xcconfig */;
			buildSettings = {
				CODE_SIGN_STYLE = Automatic;
				INFOPLIST_FILE = SingDemoUITests/Info.plist;
				LD_RUNPATH_SEARCH_PATHS = "$(inherited) @executable_path/Frameworks @loader_path/Frameworks";
				PRODUCT_BUNDLE_IDENTIFIER = com.Kpeng.com.SingDemoUITests;
				PRODUCT_NAME = "$(TARGET_NAME)";
				TARGETED_DEVICE_FAMILY = "1,2";
				TEST_TARGET_NAME = SingDemo;
			};
			name = Debug;
		};
		AA5984D11F7F309D005B941A /* Release */ = {
			isa = XCBuildConfiguration;
			baseConfigurationReference = 2390C6334123AC171D4312B0 /* Pods-SingDemoUITests.release.xcconfig */;
			buildSettings = {
				CODE_SIGN_STYLE = Automatic;
				INFOPLIST_FILE = SingDemoUITests/Info.plist;
				LD_RUNPATH_SEARCH_PATHS = "$(inherited) @executable_path/Frameworks @loader_path/Frameworks";
				PRODUCT_BUNDLE_IDENTIFIER = com.Kpeng.com.SingDemoUITests;
				PRODUCT_NAME = "$(TARGET_NAME)";
				TARGETED_DEVICE_FAMILY = "1,2";
				TEST_TARGET_NAME = SingDemo;
			};
			name = Release;
		};
/* End XCBuildConfiguration section */

/* Begin XCConfigurationList section */
		AA5984981F7F309C005B941A /* Build configuration list for PBXProject "SingDemo" */ = {
			isa = XCConfigurationList;
			buildConfigurations = (
				AA5984C71F7F309D005B941A /* Debug */,
				AA5984C81F7F309D005B941A /* Release */,
			);
			defaultConfigurationIsVisible = 0;
			defaultConfigurationName = Release;
		};
		AA5984C91F7F309D005B941A /* Build configuration list for PBXNativeTarget "SingDemo" */ = {
			isa = XCConfigurationList;
			buildConfigurations = (
				AA5984CA1F7F309D005B941A /* Debug */,
				AA5984CB1F7F309D005B941A /* Release */,
			);
			defaultConfigurationIsVisible = 0;
			defaultConfigurationName = Release;
		};
		AA5984CC1F7F309D005B941A /* Build configuration list for PBXNativeTarget "SingDemoTests" */ = {
			isa = XCConfigurationList;
			buildConfigurations = (
				AA5984CD1F7F309D005B941A /* Debug */,
				AA5984CE1F7F309D005B941A /* Release */,
			);
			defaultConfigurationIsVisible = 0;
			defaultConfigurationName = Release;
		};
		AA5984CF1F7F309D005B941A /* Build configuration list for PBXNativeTarget "SingDemoUITests" */ = {
			isa = XCConfigurationList;
			buildConfigurations = (
				AA5984D01F7F309D005B941A /* Debug */,
				AA5984D11F7F309D005B941A /* Release */,
			);
			defaultConfigurationIsVisible = 0;
			defaultConfigurationName = Release;
		};
/* End XCConfigurationList section */
	};
	rootObject = AA5984951F7F309C005B941A /* Project object */;
}
